
Microsoft Visual Studio Solution File, Format Version 12.00
# Visual Studio Version 17
VisualStudioVersion = 17.3.32811.315
MinimumVisualStudioVersion = 10.0.40219.1
Project("{FAE04EC0-301F-11D3-BF4B-00C04F79EFBC}") = "Formularios", "Formularios.csproj", "{4A9DD41F-DE8C-44D3-B522-C9088304E764}"
EndProject
Global
	GlobalSection(SolutionConfigurationPlatforms) = preSolution
		Debug|Any CPU = Debug|Any CPU
		Release|Any CPU = Release|Any CPU
	EndGlobalSection
	GlobalSection(ProjectConfigurationPlatforms) = postSolution
		{4A9DD41F-DE8C-44D3-B522-C9088304E764}.Debug|Any CPU.ActiveCfg = Debug|Any CPU
		{4A9DD41F-DE8C-44D3-B522-C9088304E764}.Debug|Any CPU.Build.0 = Debug|Any CPU
		{4A9DD41F-DE8C-44D3-B522-C9088304E764}.Release|Any CPU.ActiveCfg = Release|Any CPU
		{4A9DD41F-DE8C-44D3-B522-C9088304E764}.Release|Any CPU.Build.0 = Release|Any CPU
	EndGlobalSection
	GlobalSection(SolutionProperties) = preSolution
		HideSolutionNode = FALSE
	EndGlobalSection
	GlobalSection(ExtensibilityGlobals) = postSolution
		SolutionGuid = {F5A8A1DC-B738-4FDB-B7A6-B968EF7F03E9}
	EndGlobalSection
EndGlobal
